// !$*UTF8*$!
{
	archiveVersion = 1;
	classes = {
	};
	objectVersion = 56;
	objects = {

/* Begin PBXBuildFile section */
		C774310F2B45BD6A00942600 /* MapView.swift in Sources */ = {isa = PBXBuildFile; fileRef = C774310E2B45BD6A00942600 /* MapView.swift */; };
		C77431112B45BD7F00942600 /* VideoListView.swift in Sources */ = {isa = PBXBuildFile; fileRef = C77431102B45BD7F00942600 /* VideoListView.swift */; };
		C77431132B45BD9800942600 /* GalleryView.swift in Sources */ = {isa = PBXBuildFile; fileRef = C77431122B45BD9800942600 /* GalleryView.swift */; };
		C77431152B45BDA800942600 /* MainView.swift in Sources */ = {isa = PBXBuildFile; fileRef = C77431142B45BDA800942600 /* MainView.swift */; };
		C77431172B45CC6200942600 /* CoverImageView.swift in Sources */ = {isa = PBXBuildFile; fileRef = C77431162B45CC6200942600 /* CoverImageView.swift */; };
		C774311B2B4681CD00942600 /* CoverImageModel.swift in Sources */ = {isa = PBXBuildFile; fileRef = C774311A2B4681CD00942600 /* CoverImageModel.swift */; };
		C774311D2B46854000942600 /* CodeableBundleExtension.swift in Sources */ = {isa = PBXBuildFile; fileRef = C774311C2B46854000942600 /* CodeableBundleExtension.swift */; };
		C77431202B46969600942600 /* Animal.swift in Sources */ = {isa = PBXBuildFile; fileRef = C774311F2B46969600942600 /* Animal.swift */; };
		C77431222B4698AD00942600 /* TryToFix.swift in Sources */ = {isa = PBXBuildFile; fileRef = C77431212B4698AD00942600 /* TryToFix.swift */; };
		C77431242B46EFCD00942600 /* AnimalsListView.swift in Sources */ = {isa = PBXBuildFile; fileRef = C77431232B46EFCD00942600 /* AnimalsListView.swift */; };
		C77431262B470A0500942600 /* AnimalDetailView.swift in Sources */ = {isa = PBXBuildFile; fileRef = C77431252B470A0500942600 /* AnimalDetailView.swift */; };
		C77431282B4716C600942600 /* HeadingView.swift in Sources */ = {isa = PBXBuildFile; fileRef = C77431272B4716C600942600 /* HeadingView.swift */; };
		C774312A2B47188E00942600 /* InsertGalleryView.swift in Sources */ = {isa = PBXBuildFile; fileRef = C77431292B47188E00942600 /* InsertGalleryView.swift */; };
		C774312C2B47D79B00942600 /* DataModel.swift in Sources */ = {isa = PBXBuildFile; fileRef = C774312B2B47D79B00942600 /* DataModel.swift */; };
		C77431302B47DA5600942600 /* InsertFactView.swift in Sources */ = {isa = PBXBuildFile; fileRef = C774312F2B47DA5600942600 /* InsertFactView.swift */; };
		C77431322B481E3100942600 /* InsertMapView.swift in Sources */ = {isa = PBXBuildFile; fileRef = C77431312B481E3100942600 /* InsertMapView.swift */; };
		C77431342B482BC700942600 /* LinkView.swift in Sources */ = {isa = PBXBuildFile; fileRef = C77431332B482BC700942600 /* LinkView.swift */; };
		C77431362B48359800942600 /* VideoModel.swift in Sources */ = {isa = PBXBuildFile; fileRef = C77431352B48359700942600 /* VideoModel.swift */; };
		C774313A2B483E1000942600 /* VideoListViews.swift in Sources */ = {isa = PBXBuildFile; fileRef = C77431392B483E1000942600 /* VideoListViews.swift */; };
		C774313D2B486C6C00942600 /* VideoPlayer.swift in Sources */ = {isa = PBXBuildFile; fileRef = C774313C2B486C6C00942600 /* VideoPlayer.swift */; };
		C774313F2B486DDF00942600 /* VideoPlayerView.swift in Sources */ = {isa = PBXBuildFile; fileRef = C774313E2B486DDF00942600 /* VideoPlayerView.swift */; };
		C77431412B498BA000942600 /* MapModel.swift in Sources */ = {isa = PBXBuildFile; fileRef = C77431402B498BA000942600 /* MapModel.swift */; };
		C77431432B499F0600942600 /* MapLogoView.swift in Sources */ = {isa = PBXBuildFile; fileRef = C77431422B499F0600942600 /* MapLogoView.swift */; };
		C77431452B49A50700942600 /* MapLogoAnimationView.swift in Sources */ = {isa = PBXBuildFile; fileRef = C77431442B49A50700942600 /* MapLogoAnimationView.swift */; };
		C77431472B49C29800942600 /* MotionAnimationView.swift in Sources */ = {isa = PBXBuildFile; fileRef = C77431462B49C29800942600 /* MotionAnimationView.swift */; };
		C77431492B4AE56C00942600 /* GridView.swift in Sources */ = {isa = PBXBuildFile; fileRef = C77431482B4AE56C00942600 /* GridView.swift */; };
		C774314B2B4B227600942600 /* CopyRightView.swift in Sources */ = {isa = PBXBuildFile; fileRef = C774314A2B4B227600942600 /* CopyRightView.swift */; };
		C774314D2B4B26B000942600 /* Modifier.swift in Sources */ = {isa = PBXBuildFile; fileRef = C774314C2B4B26B000942600 /* Modifier.swift */; };
		C78E60292B4549D80084A9A8 /* AfricaApp.swift in Sources */ = {isa = PBXBuildFile; fileRef = C78E60282B4549D80084A9A8 /* AfricaApp.swift */; };
		C78E602B2B4549D80084A9A8 /* ContentView.swift in Sources */ = {isa = PBXBuildFile; fileRef = C78E602A2B4549D80084A9A8 /* ContentView.swift */; };
		C78E602D2B4549D90084A9A8 /* Assets.xcassets in Resources */ = {isa = PBXBuildFile; fileRef = C78E602C2B4549D90084A9A8 /* Assets.xcassets */; };
		C78E60302B4549D90084A9A8 /* Preview Assets.xcassets in Resources */ = {isa = PBXBuildFile; fileRef = C78E602F2B4549D90084A9A8 /* Preview Assets.xcassets */; };
		C78E60432B459CDD0084A9A8 /* cheetah.mp4 in Resources */ = {isa = PBXBuildFile; fileRef = C78E60392B459CDC0084A9A8 /* cheetah.mp4 */; };
		C78E60442B459CDD0084A9A8 /* lion.mp4 in Resources */ = {isa = PBXBuildFile; fileRef = C78E603A2B459CDC0084A9A8 /* lion.mp4 */; };
		C78E60452B459CDD0084A9A8 /* ostrich.mp4 in Resources */ = {isa = PBXBuildFile; fileRef = C78E603B2B459CDC0084A9A8 /* ostrich.mp4 */; };
		C78E60462B459CDD0084A9A8 /* hippo.mp4 in Resources */ = {isa = PBXBuildFile; fileRef = C78E603C2B459CDC0084A9A8 /* hippo.mp4 */; };
		C78E60472B459CDD0084A9A8 /* zebra.mp4 in Resources */ = {isa = PBXBuildFile; fileRef = C78E603D2B459CDC0084A9A8 /* zebra.mp4 */; };
		C78E60482B459CDD0084A9A8 /* giraffe.mp4 in Resources */ = {isa = PBXBuildFile; fileRef = C78E603E2B459CDD0084A9A8 /* giraffe.mp4 */; };
		C78E60492B459CDD0084A9A8 /* lioness.mp4 in Resources */ = {isa = PBXBuildFile; fileRef = C78E603F2B459CDD0084A9A8 /* lioness.mp4 */; };
		C78E604A2B459CDD0084A9A8 /* rhino.mp4 in Resources */ = {isa = PBXBuildFile; fileRef = C78E60402B459CDD0084A9A8 /* rhino.mp4 */; };
		C78E604B2B459CDD0084A9A8 /* gorilla.mp4 in Resources */ = {isa = PBXBuildFile; fileRef = C78E60412B459CDD0084A9A8 /* gorilla.mp4 */; };
		C78E604C2B459CDD0084A9A8 /* elephant.mp4 in Resources */ = {isa = PBXBuildFile; fileRef = C78E60422B459CDD0084A9A8 /* elephant.mp4 */; };
		C78E60522B459E310084A9A8 /* animals.json in Resources */ = {isa = PBXBuildFile; fileRef = C78E604E2B459E310084A9A8 /* animals.json */; };
		C78E60532B459E310084A9A8 /* covers.json in Resources */ = {isa = PBXBuildFile; fileRef = C78E604F2B459E310084A9A8 /* covers.json */; };
		C78E60542B459E310084A9A8 /* locations.json in Resources */ = {isa = PBXBuildFile; fileRef = C78E60502B459E310084A9A8 /* locations.json */; };
		C78E60552B459E310084A9A8 /* videos.json in Resources */ = {isa = PBXBuildFile; fileRef = C78E60512B459E310084A9A8 /* videos.json */; };
/* End PBXBuildFile section */

/* Begin PBXFileReference section */
		C774310E2B45BD6A00942600 /* MapView.swift */ = {isa = PBXFileReference; lastKnownFileType = sourcecode.swift; path = MapView.swift; sourceTree = "<group>"; };
		C77431102B45BD7F00942600 /* VideoListView.swift */ = {isa = PBXFileReference; lastKnownFileType = sourcecode.swift; path = VideoListView.swift; sourceTree = "<group>"; };
		C77431122B45BD9800942600 /* GalleryView.swift */ = {isa = PBXFileReference; lastKnownFileType = sourcecode.swift; path = GalleryView.swift; sourceTree = "<group>"; };
		C77431142B45BDA800942600 /* MainView.swift */ = {isa = PBXFileReference; lastKnownFileType = sourcecode.swift; path = MainView.swift; sourceTree = "<group>"; };
		C77431162B45CC6200942600 /* CoverImageView.swift */ = {isa = PBXFileReference; lastKnownFileType = sourcecode.swift; path = CoverImageView.swift; sourceTree = "<group>"; };
		C774311A2B4681CD00942600 /* CoverImageModel.swift */ = {isa = PBXFileReference; lastKnownFileType = sourcecode.swift; path = CoverImageModel.swift; sourceTree = "<group>"; };
		C774311C2B46854000942600 /* CodeableBundleExtension.swift */ = {isa = PBXFileReference; lastKnownFileType = sourcecode.swift; path = CodeableBundleExtension.swift; sourceTree = "<group>"; };
		C774311F2B46969600942600 /* Animal.swift */ = {isa = PBXFileReference; lastKnownFileType = sourcecode.swift; path = Animal.swift; sourceTree = "<group>"; };
		C77431212B4698AD00942600 /* TryToFix.swift */ = {isa = PBXFileReference; lastKnownFileType = sourcecode.swift; path = TryToFix.swift; sourceTree = "<group>"; };
		C77431232B46EFCD00942600 /* AnimalsListView.swift */ = {isa = PBXFileReference; lastKnownFileType = sourcecode.swift; path = AnimalsListView.swift; sourceTree = "<group>"; };
		C77431252B470A0500942600 /* AnimalDetailView.swift */ = {isa = PBXFileReference; lastKnownFileType = sourcecode.swift; path = AnimalDetailView.swift; sourceTree = "<group>"; };
		C77431272B4716C600942600 /* HeadingView.swift */ = {isa = PBXFileReference; lastKnownFileType = sourcecode.swift; path = HeadingView.swift; sourceTree = "<group>"; };
		C77431292B47188E00942600 /* InsertGalleryView.swift */ = {isa = PBXFileReference; lastKnownFileType = sourcecode.swift; path = InsertGalleryView.swift; sourceTree = "<group>"; };
		C774312B2B47D79B00942600 /* DataModel.swift */ = {isa = PBXFileReference; lastKnownFileType = sourcecode.swift; path = DataModel.swift; sourceTree = "<group>"; };
		C774312F2B47DA5600942600 /* InsertFactView.swift */ = {isa = PBXFileReference; lastKnownFileType = sourcecode.swift; path = InsertFactView.swift; sourceTree = "<group>"; };
		C77431312B481E3100942600 /* InsertMapView.swift */ = {isa = PBXFileReference; lastKnownFileType = sourcecode.swift; path = InsertMapView.swift; sourceTree = "<group>"; };
		C77431332B482BC700942600 /* LinkView.swift */ = {isa = PBXFileReference; lastKnownFileType = sourcecode.swift; path = LinkView.swift; sourceTree = "<group>"; };
		C77431352B48359700942600 /* VideoModel.swift */ = {isa = PBXFileReference; lastKnownFileType = sourcecode.swift; path = VideoModel.swift; sourceTree = "<group>"; };
		C77431392B483E1000942600 /* VideoListViews.swift */ = {isa = PBXFileReference; lastKnownFileType = sourcecode.swift; path = VideoListViews.swift; sourceTree = "<group>"; };
		C774313C2B486C6C00942600 /* VideoPlayer.swift */ = {isa = PBXFileReference; lastKnownFileType = sourcecode.swift; path = VideoPlayer.swift; sourceTree = "<group>"; };
		C774313E2B486DDF00942600 /* VideoPlayerView.swift */ = {isa = PBXFileReference; lastKnownFileType = sourcecode.swift; path = VideoPlayerView.swift; sourceTree = "<group>"; };
		C77431402B498BA000942600 /* MapModel.swift */ = {isa = PBXFileReference; lastKnownFileType = sourcecode.swift; path = MapModel.swift; sourceTree = "<group>"; };
		C77431422B499F0600942600 /* MapLogoView.swift */ = {isa = PBXFileReference; lastKnownFileType = sourcecode.swift; path = MapLogoView.swift; sourceTree = "<group>"; };
		C77431442B49A50700942600 /* MapLogoAnimationView.swift */ = {isa = PBXFileReference; lastKnownFileType = sourcecode.swift; path = MapLogoAnimationView.swift; sourceTree = "<group>"; };
		C77431462B49C29800942600 /* MotionAnimationView.swift */ = {isa = PBXFileReference; lastKnownFileType = sourcecode.swift; path = MotionAnimationView.swift; sourceTree = "<group>"; };
		C77431482B4AE56C00942600 /* GridView.swift */ = {isa = PBXFileReference; lastKnownFileType = sourcecode.swift; path = GridView.swift; sourceTree = "<group>"; };
		C774314A2B4B227600942600 /* CopyRightView.swift */ = {isa = PBXFileReference; lastKnownFileType = sourcecode.swift; path = CopyRightView.swift; sourceTree = "<group>"; };
		C774314C2B4B26B000942600 /* Modifier.swift */ = {isa = PBXFileReference; lastKnownFileType = sourcecode.swift; path = Modifier.swift; sourceTree = "<group>"; };
		C774314E2B4C29C200942600 /* Africa.entitlements */ = {isa = PBXFileReference; lastKnownFileType = text.plist.entitlements; path = Africa.entitlements; sourceTree = "<group>"; };
		C78E60252B4549D80084A9A8 /* Africa.app */ = {isa = PBXFileReference; explicitFileType = wrapper.application; includeInIndex = 0; path = Africa.app; sourceTree = BUILT_PRODUCTS_DIR; };
		C78E60282B4549D80084A9A8 /* AfricaApp.swift */ = {isa = PBXFileReference; lastKnownFileType = sourcecode.swift; path = AfricaApp.swift; sourceTree = "<group>"; };
		C78E602A2B4549D80084A9A8 /* ContentView.swift */ = {isa = PBXFileReference; lastKnownFileType = sourcecode.swift; path = ContentView.swift; sourceTree = "<group>"; };
		C78E602C2B4549D90084A9A8 /* Assets.xcassets */ = {isa = PBXFileReference; lastKnownFileType = folder.assetcatalog; path = Assets.xcassets; sourceTree = "<group>"; };
		C78E602F2B4549D90084A9A8 /* Preview Assets.xcassets */ = {isa = PBXFileReference; lastKnownFileType = folder.assetcatalog; path = "Preview Assets.xcassets"; sourceTree = "<group>"; };
		C78E60392B459CDC0084A9A8 /* cheetah.mp4 */ = {isa = PBXFileReference; lastKnownFileType = file; path = cheetah.mp4; sourceTree = "<group>"; };
		C78E603A2B459CDC0084A9A8 /* lion.mp4 */ = {isa = PBXFileReference; lastKnownFileType = file; path = lion.mp4; sourceTree = "<group>"; };
		C78E603B2B459CDC0084A9A8 /* ostrich.mp4 */ = {isa = PBXFileReference; lastKnownFileType = file; path = ostrich.mp4; sourceTree = "<group>"; };
		C78E603C2B459CDC0084A9A8 /* hippo.mp4 */ = {isa = PBXFileReference; lastKnownFileType = file; path = hippo.mp4; sourceTree = "<group>"; };
		C78E603D2B459CDC0084A9A8 /* zebra.mp4 */ = {isa = PBXFileReference; lastKnownFileType = file; path = zebra.mp4; sourceTree = "<group>"; };
		C78E603E2B459CDD0084A9A8 /* giraffe.mp4 */ = {isa = PBXFileReference; lastKnownFileType = file; path = giraffe.mp4; sourceTree = "<group>"; };
		C78E603F2B459CDD0084A9A8 /* lioness.mp4 */ = {isa = PBXFileReference; lastKnownFileType = file; path = lioness.mp4; sourceTree = "<group>"; };
		C78E60402B459CDD0084A9A8 /* rhino.mp4 */ = {isa = PBXFileReference; lastKnownFileType = file; path = rhino.mp4; sourceTree = "<group>"; };
		C78E60412B459CDD0084A9A8 /* gorilla.mp4 */ = {isa = PBXFileReference; lastKnownFileType = file; path = gorilla.mp4; sourceTree = "<group>"; };
		C78E60422B459CDD0084A9A8 /* elephant.mp4 */ = {isa = PBXFileReference; lastKnownFileType = file; path = elephant.mp4; sourceTree = "<group>"; };
		C78E604E2B459E310084A9A8 /* animals.json */ = {isa = PBXFileReference; fileEncoding = 4; lastKnownFileType = text.json; path = animals.json; sourceTree = "<group>"; };
		C78E604F2B459E310084A9A8 /* covers.json */ = {isa = PBXFileReference; fileEncoding = 4; lastKnownFileType = text.json; path = covers.json; sourceTree = "<group>"; };
		C78E60502B459E310084A9A8 /* locations.json */ = {isa = PBXFileReference; fileEncoding = 4; lastKnownFileType = text.json; path = locations.json; sourceTree = "<group>"; };
		C78E60512B459E310084A9A8 /* videos.json */ = {isa = PBXFileReference; fileEncoding = 4; lastKnownFileType = text.json; path = videos.json; sourceTree = "<group>"; };
		C78E60562B45A97A0084A9A8 /* Info.plist */ = {isa = PBXFileReference; lastKnownFileType = text.plist; path = Info.plist; sourceTree = "<group>"; };
/* End PBXFileReference section */

/* Begin PBXFrameworksBuildPhase section */
		C78E60222B4549D80084A9A8 /* Frameworks */ = {
			isa = PBXFrameworksBuildPhase;
			buildActionMask = 2147483647;
			files = (
			);
			runOnlyForDeploymentPostprocessing = 0;
		};
/* End PBXFrameworksBuildPhase section */

/* Begin PBXGroup section */
		C774310D2B45BD3D00942600 /* App */ = {
			isa = PBXGroup;
			children = (
				C78E60282B4549D80084A9A8 /* AfricaApp.swift */,
				C78E602A2B4549D80084A9A8 /* ContentView.swift */,
				C774310E2B45BD6A00942600 /* MapView.swift */,
				C77431102B45BD7F00942600 /* VideoListView.swift */,
				C77431122B45BD9800942600 /* GalleryView.swift */,
				C77431142B45BDA800942600 /* MainView.swift */,
			);
			path = App;
			sourceTree = "<group>";
		};
		C77431182B45CC6D00942600 /* View */ = {
			isa = PBXGroup;
			children = (
				C77431162B45CC6200942600 /* CoverImageView.swift */,
				C77431212B4698AD00942600 /* TryToFix.swift */,
				C77431232B46EFCD00942600 /* AnimalsListView.swift */,
				C77431252B470A0500942600 /* AnimalDetailView.swift */,
				C77431272B4716C600942600 /* HeadingView.swift */,
				C77431292B47188E00942600 /* InsertGalleryView.swift */,
				C774312F2B47DA5600942600 /* InsertFactView.swift */,
				C77431312B481E3100942600 /* InsertMapView.swift */,
				C77431332B482BC700942600 /* LinkView.swift */,
				C77431392B483E1000942600 /* VideoListViews.swift */,
				C774313E2B486DDF00942600 /* VideoPlayerView.swift */,
				C77431422B499F0600942600 /* MapLogoView.swift */,
				C77431442B49A50700942600 /* MapLogoAnimationView.swift */,
				C77431462B49C29800942600 /* MotionAnimationView.swift */,
				C77431482B4AE56C00942600 /* GridView.swift */,
				C774314A2B4B227600942600 /* CopyRightView.swift */,
			);
			path = View;
			sourceTree = "<group>";
		};
		C77431192B4681B100942600 /* Model */ = {
			isa = PBXGroup;
			children = (
				C774311A2B4681CD00942600 /* CoverImageModel.swift */,
				C774311F2B46969600942600 /* Animal.swift */,
				C774312B2B47D79B00942600 /* DataModel.swift */,
				C77431352B48359700942600 /* VideoModel.swift */,
				C77431402B498BA000942600 /* MapModel.swift */,
			);
			path = Model;
			sourceTree = "<group>";
		};
		C774311E2B468F7200942600 /* Extension */ = {
			isa = PBXGroup;
			children = (
				C774311C2B46854000942600 /* CodeableBundleExtension.swift */,
			);
			path = Extension;
			sourceTree = "<group>";
		};
		C774313B2B486C4F00942600 /* Helper */ = {
			isa = PBXGroup;
			children = (
				C774313C2B486C6C00942600 /* VideoPlayer.swift */,
			);
			path = Helper;
			sourceTree = "<group>";
		};
		C78E601C2B4549D80084A9A8 = {
			isa = PBXGroup;
			children = (
				C78E60272B4549D80084A9A8 /* Africa */,
				C78E60262B4549D80084A9A8 /* Products */,
			);
			sourceTree = "<group>";
		};
		C78E60262B4549D80084A9A8 /* Products */ = {
			isa = PBXGroup;
			children = (
				C78E60252B4549D80084A9A8 /* Africa.app */,
			);
			name = Products;
			sourceTree = "<group>";
		};
		C78E60272B4549D80084A9A8 /* Africa */ = {
			isa = PBXGroup;
			children = (
				C774314E2B4C29C200942600 /* Africa.entitlements */,
				C774313B2B486C4F00942600 /* Helper */,
				C77431192B4681B100942600 /* Model */,
				C78E604D2B459E180084A9A8 /* Data */,
				C774311E2B468F7200942600 /* Extension */,
				C77431182B45CC6D00942600 /* View */,
				C78E60362B459B710084A9A8 /* Video */,
				C774310D2B45BD3D00942600 /* App */,
				C78E602E2B4549D90084A9A8 /* Preview Content */,
				C78E602C2B4549D90084A9A8 /* Assets.xcassets */,
				C78E60562B45A97A0084A9A8 /* Info.plist */,
				C774314C2B4B26B000942600 /* Modifier.swift */,
			);
			path = Africa;
			sourceTree = "<group>";
		};
		C78E602E2B4549D90084A9A8 /* Preview Content */ = {
			isa = PBXGroup;
			children = (
				C78E602F2B4549D90084A9A8 /* Preview Assets.xcassets */,
			);
			path = "Preview Content";
			sourceTree = "<group>";
		};
		C78E60362B459B710084A9A8 /* Video */ = {
			isa = PBXGroup;
			children = (
				C78E60392B459CDC0084A9A8 /* cheetah.mp4 */,
				C78E60422B459CDD0084A9A8 /* elephant.mp4 */,
				C78E603E2B459CDD0084A9A8 /* giraffe.mp4 */,
				C78E60412B459CDD0084A9A8 /* gorilla.mp4 */,
				C78E603C2B459CDC0084A9A8 /* hippo.mp4 */,
				C78E603A2B459CDC0084A9A8 /* lion.mp4 */,
				C78E603F2B459CDD0084A9A8 /* lioness.mp4 */,
				C78E603B2B459CDC0084A9A8 /* ostrich.mp4 */,
				C78E60402B459CDD0084A9A8 /* rhino.mp4 */,
				C78E603D2B459CDC0084A9A8 /* zebra.mp4 */,
			);
			path = Video;
			sourceTree = "<group>";
		};
		C78E604D2B459E180084A9A8 /* Data */ = {
			isa = PBXGroup;
			children = (
				C78E604E2B459E310084A9A8 /* animals.json */,
				C78E604F2B459E310084A9A8 /* covers.json */,
				C78E60502B459E310084A9A8 /* locations.json */,
				C78E60512B459E310084A9A8 /* videos.json */,
			);
			path = Data;
			sourceTree = "<group>";
		};
/* End PBXGroup section */

/* Begin PBXNativeTarget section */
		C78E60242B4549D80084A9A8 /* Africa */ = {
			isa = PBXNativeTarget;
			buildConfigurationList = C78E60332B4549D90084A9A8 /* Build configuration list for PBXNativeTarget "Africa" */;
			buildPhases = (
				C78E60212B4549D80084A9A8 /* Sources */,
				C78E60222B4549D80084A9A8 /* Frameworks */,
				C78E60232B4549D80084A9A8 /* Resources */,
			);
			buildRules = (
			);
			dependencies = (
			);
			name = Africa;
			productName = Africa;
			productReference = C78E60252B4549D80084A9A8 /* Africa.app */;
			productType = "com.apple.product-type.application";
		};
/* End PBXNativeTarget section */

/* Begin PBXProject section */
		C78E601D2B4549D80084A9A8 /* Project object */ = {
			isa = PBXProject;
			attributes = {
				BuildIndependentTargetsInParallel = 1;
				LastSwiftUpdateCheck = 1510;
				LastUpgradeCheck = 1510;
				TargetAttributes = {
					C78E60242B4549D80084A9A8 = {
						CreatedOnToolsVersion = 15.1;
					};
				};
			};
			buildConfigurationList = C78E60202B4549D80084A9A8 /* Build configuration list for PBXProject "Africa" */;
			compatibilityVersion = "Xcode 14.0";
			developmentRegion = en;
			hasScannedForEncodings = 0;
			knownRegions = (
				en,
				Base,
			);
			mainGroup = C78E601C2B4549D80084A9A8;
			productRefGroup = C78E60262B4549D80084A9A8 /* Products */;
			projectDirPath = "";
			projectRoot = "";
			targets = (
				C78E60242B4549D80084A9A8 /* Africa */,
			);
		};
/* End PBXProject section */

/* Begin PBXResourcesBuildPhase section */
		C78E60232B4549D80084A9A8 /* Resources */ = {
			isa = PBXResourcesBuildPhase;
			buildActionMask = 2147483647;
			files = (
				C78E60452B459CDD0084A9A8 /* ostrich.mp4 in Resources */,
				C78E60432B459CDD0084A9A8 /* cheetah.mp4 in Resources */,
				C78E60462B459CDD0084A9A8 /* hippo.mp4 in Resources */,
				C78E604B2B459CDD0084A9A8 /* gorilla.mp4 in Resources */,
				C78E604C2B459CDD0084A9A8 /* elephant.mp4 in Resources */,
				C78E60472B459CDD0084A9A8 /* zebra.mp4 in Resources */,
				C78E60302B4549D90084A9A8 /* Preview Assets.xcassets in Resources */,
				C78E60542B459E310084A9A8 /* locations.json in Resources */,
				C78E60532B459E310084A9A8 /* covers.json in Resources */,
				C78E60522B459E310084A9A8 /* animals.json in Resources */,
				C78E60442B459CDD0084A9A8 /* lion.mp4 in Resources */,
				C78E60492B459CDD0084A9A8 /* lioness.mp4 in Resources */,
				C78E602D2B4549D90084A9A8 /* Assets.xcassets in Resources */,
				C78E60552B459E310084A9A8 /* videos.json in Resources */,
				C78E604A2B459CDD0084A9A8 /* rhino.mp4 in Resources */,
				C78E60482B459CDD0084A9A8 /* giraffe.mp4 in Resources */,
			);
			runOnlyForDeploymentPostprocessing = 0;
		};
/* End PBXResourcesBuildPhase section */

/* Begin PBXSourcesBuildPhase section */
		C78E60212B4549D80084A9A8 /* Sources */ = {
			isa = PBXSourcesBuildPhase;
			buildActionMask = 2147483647;
			files = (
				C77431112B45BD7F00942600 /* VideoListView.swift in Sources */,
				C77431222B4698AD00942600 /* TryToFix.swift in Sources */,
				C77431152B45BDA800942600 /* MainView.swift in Sources */,
				C77431362B48359800942600 /* VideoModel.swift in Sources */,
				C77431342B482BC700942600 /* LinkView.swift in Sources */,
				C77431172B45CC6200942600 /* CoverImageView.swift in Sources */,
				C774312A2B47188E00942600 /* InsertGalleryView.swift in Sources */,
				C774312C2B47D79B00942600 /* DataModel.swift in Sources */,
				C77431302B47DA5600942600 /* InsertFactView.swift in Sources */,
				C77431262B470A0500942600 /* AnimalDetailView.swift in Sources */,
				C77431492B4AE56C00942600 /* GridView.swift in Sources */,
				C77431282B4716C600942600 /* HeadingView.swift in Sources */,
				C77431432B499F0600942600 /* MapLogoView.swift in Sources */,
				C774313A2B483E1000942600 /* VideoListViews.swift in Sources */,
				C774314D2B4B26B000942600 /* Modifier.swift in Sources */,
				C77431452B49A50700942600 /* MapLogoAnimationView.swift in Sources */,
				C78E602B2B4549D80084A9A8 /* ContentView.swift in Sources */,
				C77431322B481E3100942600 /* InsertMapView.swift in Sources */,
				C77431202B46969600942600 /* Animal.swift in Sources */,
				C774310F2B45BD6A00942600 /* MapView.swift in Sources */,
				C774314B2B4B227600942600 /* CopyRightView.swift in Sources */,
				C77431412B498BA000942600 /* MapModel.swift in Sources */,
				C774311B2B4681CD00942600 /* CoverImageModel.swift in Sources */,
				C77431242B46EFCD00942600 /* AnimalsListView.swift in Sources */,
				C78E60292B4549D80084A9A8 /* AfricaApp.swift in Sources */,
				C77431132B45BD9800942600 /* GalleryView.swift in Sources */,
				C774313D2B486C6C00942600 /* VideoPlayer.swift in Sources */,
				C77431472B49C29800942600 /* MotionAnimationView.swift in Sources */,
				C774311D2B46854000942600 /* CodeableBundleExtension.swift in Sources */,
				C774313F2B486DDF00942600 /* VideoPlayerView.swift in Sources */,
			);
			runOnlyForDeploymentPostprocessing = 0;
		};
/* End PBXSourcesBuildPhase section */

/* Begin XCBuildConfiguration section */
		C78E60312B4549D90084A9A8 /* Debug */ = {
			isa = XCBuildConfiguration;
			buildSettings = {
				ALWAYS_SEARCH_USER_PATHS = NO;
				ASSETCATALOG_COMPILER_GENERATE_SWIFT_ASSET_SYMBOL_EXTENSIONS = YES;
				CLANG_ANALYZER_NONNULL = YES;
				CLANG_ANALYZER_NUMBER_OBJECT_CONVERSION = YES_AGGRESSIVE;
				CLANG_CXX_LANGUAGE_STANDARD = "gnu++20";
				CLANG_ENABLE_MODULES = YES;
				CLANG_ENABLE_OBJC_ARC = YES;
				CLANG_ENABLE_OBJC_WEAK = YES;
				CLANG_WARN_BLOCK_CAPTURE_AUTORELEASING = YES;
				CLANG_WARN_BOOL_CONVERSION = YES;
				CLANG_WARN_COMMA = YES;
				CLANG_WARN_CONSTANT_CONVERSION = YES;
				CLANG_WARN_DEPRECATED_OBJC_IMPLEMENTATIONS = YES;
				CLANG_WARN_DIRECT_OBJC_ISA_USAGE = YES_ERROR;
				CLANG_WARN_DOCUMENTATION_COMMENTS = YES;
				CLANG_WARN_EMPTY_BODY = YES;
				CLANG_WARN_ENUM_CONVERSION = YES;
				CLANG_WARN_INFINITE_RECURSION = YES;
				CLANG_WARN_INT_CONVERSION = YES;
				CLANG_WARN_NON_LITERAL_NULL_CONVERSION = YES;
				CLANG_WARN_OBJC_IMPLICIT_RETAIN_SELF = YES;
				CLANG_WARN_OBJC_LITERAL_CONVERSION = YES;
				CLANG_WARN_OBJC_ROOT_CLASS = YES_ERROR;
				CLANG_WARN_QUOTED_INCLUDE_IN_FRAMEWORK_HEADER = YES;
				CLANG_WARN_RANGE_LOOP_ANALYSIS = YES;
				CLANG_WARN_STRICT_PROTOTYPES = YES;
				CLANG_WARN_SUSPICIOUS_MOVE = YES;
				CLANG_WARN_UNGUARDED_AVAILABILITY = YES_AGGRESSIVE;
				CLANG_WARN_UNREACHABLE_CODE = YES;
				CLANG_WARN__DUPLICATE_METHOD_MATCH = YES;
				COPY_PHASE_STRIP = NO;
				DEBUG_INFORMATION_FORMAT = dwarf;
				ENABLE_STRICT_OBJC_MSGSEND = YES;
				ENABLE_TESTABILITY = YES;
				ENABLE_USER_SCRIPT_SANDBOXING = YES;
				GCC_C_LANGUAGE_STANDARD = gnu17;
				GCC_DYNAMIC_NO_PIC = NO;
				GCC_NO_COMMON_BLOCKS = YES;
				GCC_OPTIMIZATION_LEVEL = 0;
				GCC_PREPROCESSOR_DEFINITIONS = (
					"DEBUG=1",
					"$(inherited)",
				);
				GCC_WARN_64_TO_32_BIT_CONVERSION = YES;
				GCC_WARN_ABOUT_RETURN_TYPE = YES_ERROR;
				GCC_WARN_UNDECLARED_SELECTOR = YES;
				GCC_WARN_UNINITIALIZED_AUTOS = YES_AGGRESSIVE;
				GCC_WARN_UNUSED_FUNCTION = YES;
				GCC_WARN_UNUSED_VARIABLE = YES;
				IPHONEOS_DEPLOYMENT_TARGET = 17.2;
				LOCALIZATION_PREFERS_STRING_CATALOGS = YES;
				MTL_ENABLE_DEBUG_INFO = INCLUDE_SOURCE;
				MTL_FAST_MATH = YES;
				ONLY_ACTIVE_ARCH = YES;
				SDKROOT = iphoneos;
				SWIFT_ACTIVE_COMPILATION_CONDITIONS = "DEBUG $(inherited)";
				SWIFT_OPTIMIZATION_LEVEL = "-Onone";
			};
			name = Debug;
		};
		C78E60322B4549D90084A9A8 /* Release */ = {
			isa = XCBuildConfiguration;
			buildSettings = {
				ALWAYS_SEARCH_USER_PATHS = NO;
				ASSETCATALOG_COMPILER_GENERATE_SWIFT_ASSET_SYMBOL_EXTENSIONS = YES;
				CLANG_ANALYZER_NONNULL = YES;
				CLANG_ANALYZER_NUMBER_OBJECT_CONVERSION = YES_AGGRESSIVE;
				CLANG_CXX_LANGUAGE_STANDARD = "gnu++20";
				CLANG_ENABLE_MODULES = YES;
				CLANG_ENABLE_OBJC_ARC = YES;
				CLANG_ENABLE_OBJC_WEAK = YES;
				CLANG_WARN_BLOCK_CAPTURE_AUTORELEASING = YES;
				CLANG_WARN_BOOL_CONVERSION = YES;
				CLANG_WARN_COMMA = YES;
				CLANG_WARN_CONSTANT_CONVERSION = YES;
				CLANG_WARN_DEPRECATED_OBJC_IMPLEMENTATIONS = YES;
				CLANG_WARN_DIRECT_OBJC_ISA_USAGE = YES_ERROR;
				CLANG_WARN_DOCUMENTATION_COMMENTS = YES;
				CLANG_WARN_EMPTY_BODY = YES;
				CLANG_WARN_ENUM_CONVERSION = YES;
				CLANG_WARN_INFINITE_RECURSION = YES;
				CLANG_WARN_INT_CONVERSION = YES;
				CLANG_WARN_NON_LITERAL_NULL_CONVERSION = YES;
				CLANG_WARN_OBJC_IMPLICIT_RETAIN_SELF = YES;
				CLANG_WARN_OBJC_LITERAL_CONVERSION = YES;
				CLANG_WARN_OBJC_ROOT_CLASS = YES_ERROR;
				CLANG_WARN_QUOTED_INCLUDE_IN_FRAMEWORK_HEADER = YES;
				CLANG_WARN_RANGE_LOOP_ANALYSIS = YES;
				CLANG_WARN_STRICT_PROTOTYPES = YES;
				CLANG_WARN_SUSPICIOUS_MOVE = YES;
				CLANG_WARN_UNGUARDED_AVAILABILITY = YES_AGGRESSIVE;
				CLANG_WARN_UNREACHABLE_CODE = YES;
				CLANG_WARN__DUPLICATE_METHOD_MATCH = YES;
				COPY_PHASE_STRIP = NO;
				DEBUG_INFORMATION_FORMAT = "dwarf-with-dsym";
				ENABLE_NS_ASSERTIONS = NO;
				ENABLE_STRICT_OBJC_MSGSEND = YES;
				ENABLE_USER_SCRIPT_SANDBOXING = YES;
				GCC_C_LANGUAGE_STANDARD = gnu17;
				GCC_NO_COMMON_BLOCKS = YES;
				GCC_WARN_64_TO_32_BIT_CONVERSION = YES;
				GCC_WARN_ABOUT_RETURN_TYPE = YES_ERROR;
				GCC_WARN_UNDECLARED_SELECTOR = YES;
				GCC_WARN_UNINITIALIZED_AUTOS = YES_AGGRESSIVE;
				GCC_WARN_UNUSED_FUNCTION = YES;
				GCC_WARN_UNUSED_VARIABLE = YES;
				IPHONEOS_DEPLOYMENT_TARGET = 17.2;
				LOCALIZATION_PREFERS_STRING_CATALOGS = YES;
				MTL_ENABLE_DEBUG_INFO = NO;
				MTL_FAST_MATH = YES;
				SDKROOT = iphoneos;
				SWIFT_COMPILATION_MODE = wholemodule;
				VALIDATE_PRODUCT = YES;
			};
			name = Release;
		};
		C78E60342B4549D90084A9A8 /* Debug */ = {
			isa = XCBuildConfiguration;
			buildSettings = {
				ASSETCATALOG_COMPILER_APPICON_NAME = AppIcon;
				ASSETCATALOG_COMPILER_GLOBAL_ACCENT_COLOR_NAME = AccentColor;
				CODE_SIGN_ENTITLEMENTS = Africa/Africa.entitlements;
				CODE_SIGN_STYLE = Automatic;
				CURRENT_PROJECT_VERSION = 1;
				DEVELOPMENT_ASSET_PATHS = "\"Africa/Preview Content\"";
				DEVELOPMENT_TEAM = N2DY4425R7;
				ENABLE_PREVIEWS = YES;
				GENERATE_INFOPLIST_FILE = YES;
				INFOPLIST_FILE = Africa/Info.plist;
				INFOPLIST_KEY_LSApplicationCategoryType = "";
				INFOPLIST_KEY_UIApplicationSceneManifest_Generation = YES;
				INFOPLIST_KEY_UIApplicationSupportsIndirectInputEvents = YES;
				INFOPLIST_KEY_UILaunchStoryboardName = "";
				INFOPLIST_KEY_UISupportedInterfaceOrientations_iPad = "UIInterfaceOrientationPortrait UIInterfaceOrientationPortraitUpsideDown UIInterfaceOrientationLandscapeLeft UIInterfaceOrientationLandscapeRight";
				INFOPLIST_KEY_UISupportedInterfaceOrientations_iPhone = "UIInterfaceOrientationPortrait UIInterfaceOrientationLandscapeLeft UIInterfaceOrientationLandscapeRight";
				INFOPLIST_KEY_UIUserInterfaceStyle = Dark;
				IPHONEOS_DEPLOYMENT_TARGET = 17.2;
				LD_RUNPATH_SEARCH_PATHS = (
					"$(inherited)",
					"@executable_path/Frameworks",
				);
				MARKETING_VERSION = 1.0;
				PRODUCT_BUNDLE_IDENTIFIER = Kathiravan.Africa;
				PRODUCT_NAME = "$(TARGET_NAME)";
				SUPPORTED_PLATFORMS = "iphoneos iphonesimulator";
				SUPPORTS_MACCATALYST = YES;
				SWIFT_EMIT_LOC_STRINGS = YES;
				SWIFT_VERSION = 5.0;
				TARGETED_DEVICE_FAMILY = "1,2";
			};
			name = Debug;
		};
		C78E60352B4549D90084A9A8 /* Release */ = {
			isa = XCBuildConfiguration;
			buildSettings = {
				ASSETCATALOG_COMPILER_APPICON_NAME = AppIcon;
				ASSETCATALOG_COMPILER_GLOBAL_ACCENT_COLOR_NAME = AccentColor;
				CODE_SIGN_ENTITLEMENTS = Africa/Africa.entitlements;
				CODE_SIGN_STYLE = Automatic;
				CURRENT_PROJECT_VERSION = 1;
				DEVELOPMENT_ASSET_PATHS = "\"Africa/Preview Content\"";
				DEVELOPMENT_TEAM = N2DY4425R7;
				ENABLE_PREVIEWS = YES;
				GENERATE_INFOPLIST_FILE = YES;
				INFOPLIST_FILE = Africa/Info.plist;
				INFOPLIST_KEY_LSApplicationCategoryType = "";
				INFOPLIST_KEY_UIApplicationSceneManifest_Generation = YES;
				INFOPLIST_KEY_UIApplicationSupportsIndirectInputEvents = YES;
				INFOPLIST_KEY_UILaunchStoryboardName = "";
				INFOPLIST_KEY_UISupportedInterfaceOrientations_iPad = "UIInterfaceOrientationPortrait UIInterfaceOrientationPortraitUpsideDown UIInterfaceOrientationLandscapeLeft UIInterfaceOrientationLandscapeRight";
				INFOPLIST_KEY_UISupportedInterfaceOrientations_iPhone = "UIInterfaceOrientationPortrait UIInterfaceOrientationLandscapeLeft UIInterfaceOrientationLandscapeRight";
				INFOPLIST_KEY_UIUserInterfaceStyle = Dark;
				IPHONEOS_DEPLOYMENT_TARGET = 17.2;
				LD_RUNPATH_SEARCH_PATHS = (
					"$(inherited)",
					"@executable_path/Frameworks",
				);
				MARKETING_VERSION = 1.0;
				PRODUCT_BUNDLE_IDENTIFIER = Kathiravan.Africa;
				PRODUCT_NAME = "$(TARGET_NAME)";
				SUPPORTED_PLATFORMS = "iphoneos iphonesimulator";
				SUPPORTS_MACCATALYST = YES;
				SWIFT_EMIT_LOC_STRINGS = YES;
				SWIFT_VERSION = 5.0;
				TARGETED_DEVICE_FAMILY = "1,2";
			};
			name = Release;
		};
/* End XCBuildConfiguration section */

/* Begin XCConfigurationList section */
		C78E60202B4549D80084A9A8 /* Build configuration list for PBXProject "Africa" */ = {
			isa = XCConfigurationList;
			buildConfigurations = (
				C78E60312B4549D90084A9A8 /* Debug */,
				C78E60322B4549D90084A9A8 /* Release */,
			);
			defaultConfigurationIsVisible = 0;
			defaultConfigurationName = Release;
		};
		C78E60332B4549D90084A9A8 /* Build configuration list for PBXNativeTarget "Africa" */ = {
			isa = XCConfigurationList;
			buildConfigurations = (
				C78E60342B4549D90084A9A8 /* Debug */,
				C78E60352B4549D90084A9A8 /* Release */,
			);
			defaultConfigurationIsVisible = 0;
			defaultConfigurationName = Release;
		};
/* End XCConfigurationList section */
	};
	rootObject = C78E601D2B4549D80084A9A8 /* Project object */;
}
